// !$*UTF8*$!
{
	archiveVersion = 1;
	classes = {
	};
	objectVersion = 46;
	objects = {

/* Begin PBXBuildFile section */
		4907182719BCC7740075936F /* AudioToolbox.framework in Frameworks */ = {isa = PBXBuildFile; fileRef = 4907182619BCC7740075936F /* AudioToolbox.framework */; };
		4907182919BCC77E0075936F /* CFNetwork.framework in Frameworks */ = {isa = PBXBuildFile; fileRef = 4907182819BCC77E0075936F /* CFNetwork.framework */; };
		4907182B19BCC7890075936F /* CoreLocation.framework in Frameworks */ = {isa = PBXBuildFile; fileRef = 4907182A19BCC7890075936F /* CoreLocation.framework */; };
		4907182D19BCC7910075936F /* libz.dylib in Frameworks */ = {isa = PBXBuildFile; fileRef = 4907182C19BCC7910075936F /* libz.dylib */; };
		4907182F19BCC79A0075936F /* MobileCoreServices.framework in Frameworks */ = {isa = PBXBuildFile; fileRef = 4907182E19BCC79A0075936F /* MobileCoreServices.framework */; };
		4907183119BCC7A10075936F /* QuartzCore.framework in Frameworks */ = {isa = PBXBuildFile; fileRef = 4907183019BCC7A10075936F /* QuartzCore.framework */; };
		4907183319BCC7A60075936F /* Security.framework in Frameworks */ = {isa = PBXBuildFile; fileRef = 4907183219BCC7A60075936F /* Security.framework */; };
		4907183519BCC7AE0075936F /* StoreKit.framework in Frameworks */ = {isa = PBXBuildFile; fileRef = 4907183419BCC7AE0075936F /* StoreKit.framework */; };
		4907183719BCC7B50075936F /* SystemConfiguration.framework in Frameworks */ = {isa = PBXBuildFile; fileRef = 4907183619BCC7B50075936F /* SystemConfiguration.framework */; };
		4907183919BCCBAC0075936F /* TabBarViewController.m in Sources */ = {isa = PBXBuildFile; fileRef = 4907183819BCCBAC0075936F /* TabBarViewController.m */; };
		4907183C19BCCE660075936F /* Social.framework in Frameworks */ = {isa = PBXBuildFile; fileRef = 4907183B19BCCE660075936F /* Social.framework */; };
		4916345D1A994E600087E688 /* RedRectangle.png in Resources */ = {isa = PBXBuildFile; fileRef = 4916345B1A994E5F0087E688 /* RedRectangle.png */; };
		4916345E1A994E600087E688 /* RedRectangle@2x.png in Resources */ = {isa = PBXBuildFile; fileRef = 4916345C1A994E5F0087E688 /* RedRectangle@2x.png */; };
		491634631A9951960087E688 /* StartIcon.png in Resources */ = {isa = PBXBuildFile; fileRef = 4916345F1A9951960087E688 /* StartIcon.png */; };
		491634641A9951960087E688 /* StartIcon@2x.png in Resources */ = {isa = PBXBuildFile; fileRef = 491634601A9951960087E688 /* StartIcon@2x.png */; };
		491634691A9952930087E688 /* YellowRectangleForButton.png in Resources */ = {isa = PBXBuildFile; fileRef = 491634671A9952930087E688 /* YellowRectangleForButton.png */; };
		4916346A1A9952930087E688 /* YellowRectangleForButton@2x.png in Resources */ = {isa = PBXBuildFile; fileRef = 491634681A9952930087E688 /* YellowRectangleForButton@2x.png */; };
		4922BAA21A5263E300EE8568 /* File in Resources */ = {isa = PBXBuildFile; fileRef = 4922BAA11A5263E300EE8568 /* File */; };
		492DF8721A526170006C6EC5 /* ExerciseListViewController.m in Sources */ = {isa = PBXBuildFile; fileRef = 492DF8711A526170006C6EC5 /* ExerciseListViewController.m */; };
		4931CD8F1A526CF4000DCDE0 /* AddExerciseViewController.m in Sources */ = {isa = PBXBuildFile; fileRef = 4931CD8E1A526CF4000DCDE0 /* AddExerciseViewController.m */; };
		4931CD951A527E02000DCDE0 /* libsqlite3.dylib in Frameworks */ = {isa = PBXBuildFile; fileRef = 4931CD941A527E02000DCDE0 /* libsqlite3.dylib */; };
		4931CDA11A5281C6000DCDE0 /* FacebookSDK.framework in Frameworks */ = {isa = PBXBuildFile; fileRef = 4931CDA01A5281C5000DCDE0 /* FacebookSDK.framework */; };
		493ABEC71A847C2400F5583B /* Growth in Resources */ = {isa = PBXBuildFile; fileRef = 493ABEC61A847C2400F5583B /* Growth */; };
		495A0D991A9A9CA6002355B5 /* VerticalGreyLine.png in Resources */ = {isa = PBXBuildFile; fileRef = 495A0D971A9A9CA6002355B5 /* VerticalGreyLine.png */; };
		495A0D9A1A9A9CA6002355B5 /* VerticalGreyLine@2x.png in Resources */ = {isa = PBXBuildFile; fileRef = 495A0D981A9A9CA6002355B5 /* VerticalGreyLine@2x.png */; };
		495A0D9D1A9AAD8A002355B5 /* WorkoutSummaryTableViewCell.m in Sources */ = {isa = PBXBuildFile; fileRef = 495A0D9C1A9AAD8A002355B5 /* WorkoutSummaryTableViewCell.m */; };
		4969A9891A5D0D2300723C22 /* CompletedExerciseTableViewCell.m in Sources */ = {isa = PBXBuildFile; fileRef = 4969A9881A5D0D2300723C22 /* CompletedExerciseTableViewCell.m */; };
		4969A98C1A5E567600723C22 /* AddSetViewController.m in Sources */ = {isa = PBXBuildFile; fileRef = 4969A98B1A5E567600723C22 /* AddSetViewController.m */; };
		4969A9901A5E619B00723C22 /* SelectExerciseViewController.m in Sources */ = {isa = PBXBuildFile; fileRef = 4969A98F1A5E619B00723C22 /* SelectExerciseViewController.m */; };
		49743EFA1A5BB66F00BE6C48 /* AddExerciseTableViewCell.m in Sources */ = {isa = PBXBuildFile; fileRef = 49743EF91A5BB66F00BE6C48 /* AddExerciseTableViewCell.m */; };
		497F38EE1A8B14790064C0E7 /* WorkoutDetailsTableViewController.m in Sources */ = {isa = PBXBuildFile; fileRef = 497F38ED1A8B14790064C0E7 /* WorkoutDetailsTableViewController.m */; };
		497F38F11A8B277B0064C0E7 /* WorkoutDetailHeaderTableViewCell.m in Sources */ = {isa = PBXBuildFile; fileRef = 497F38F01A8B277B0064C0E7 /* WorkoutDetailHeaderTableViewCell.m */; };
		497F38F41A8B31DC0064C0E7 /* WorkoutDetailCETableViewCell.m in Sources */ = {isa = PBXBuildFile; fileRef = 497F38F31A8B31DC0064C0E7 /* WorkoutDetailCETableViewCell.m */; };
		49A0D1781A62532000D92402 /* PushNoAnimationSegue.m in Sources */ = {isa = PBXBuildFile; fileRef = 49A0D1771A62532000D92402 /* PushNoAnimationSegue.m */; };
		49A0D17B1A62E28700D92402 /* TestViewController.m in Sources */ = {isa = PBXBuildFile; fileRef = 49A0D17A1A62E28700D92402 /* TestViewController.m */; };
		49A0D1881A63214A00D92402 /* HorizontalPickerView.m in Sources */ = {isa = PBXBuildFile; fileRef = 49A0D1801A63214A00D92402 /* HorizontalPickerView.m */; };
		49A0D1891A63214A00D92402 /* HPCollectionVC.m in Sources */ = {isa = PBXBuildFile; fileRef = 49A0D1821A63214A00D92402 /* HPCollectionVC.m */; };
		49A0D18A1A63214A00D92402 /* HPCollectionViewCell.m in Sources */ = {isa = PBXBuildFile; fileRef = 49A0D1841A63214A00D92402 /* HPCollectionViewCell.m */; };
		49A0D18B1A63214A00D92402 /* HPCollectionViewFlowLayout.m in Sources */ = {isa = PBXBuildFile; fileRef = 49A0D1861A63214A00D92402 /* HPCollectionViewFlowLayout.m */; };
		49A6321E1A5298FE00A1A484 /* UIKit.framework in Frameworks */ = {isa = PBXBuildFile; fileRef = 49A6321D1A5298FE00A1A484 /* UIKit.framework */; };
		49A632241A52999800A1A484 /* Bolts.framework in Frameworks */ = {isa = PBXBuildFile; fileRef = 49A6321F1A52999800A1A484 /* Bolts.framework */; };
		49A632251A52999800A1A484 /* Parse.framework in Frameworks */ = {isa = PBXBuildFile; fileRef = 49A632201A52999800A1A484 /* Parse.framework */; };
		49A632261A52999800A1A484 /* ParseCrashReporting.framework in Frameworks */ = {isa = PBXBuildFile; fileRef = 49A632211A52999800A1A484 /* ParseCrashReporting.framework */; };
		49A632271A52999800A1A484 /* ParseFacebookUtils.framework in Frameworks */ = {isa = PBXBuildFile; fileRef = 49A632221A52999800A1A484 /* ParseFacebookUtils.framework */; };
		49A632281A52999800A1A484 /* ParseUI.framework in Frameworks */ = {isa = PBXBuildFile; fileRef = 49A632231A52999800A1A484 /* ParseUI.framework */; };
		49A6322B1A52A27A00A1A484 /* Exercise.m in Sources */ = {isa = PBXBuildFile; fileRef = 49A6322A1A52A27A00A1A484 /* Exercise.m */; };
		49A6322D1A532DD600A1A484 /* man-muscle-body-dumbbell-Fitness.jpg in Resources */ = {isa = PBXBuildFile; fileRef = 49A6322C1A532DD600A1A484 /* man-muscle-body-dumbbell-Fitness.jpg */; };
		49A632301A532F1400A1A484 /* RecordNewWorkoutViewController.m in Sources */ = {isa = PBXBuildFile; fileRef = 49A6322F1A532F1400A1A484 /* RecordNewWorkoutViewController.m */; };
		49A632331A532F4500A1A484 /* ActiveWorkoutTableViewController.m in Sources */ = {isa = PBXBuildFile; fileRef = 49A632321A532F4500A1A484 /* ActiveWorkoutTableViewController.m */; };
		49A6323B1A5331C300A1A484 /* FeedPFQViewController.m in Sources */ = {isa = PBXBuildFile; fileRef = 49A6323A1A5331C300A1A484 /* FeedPFQViewController.m */; };
		49A6323E1A53340100A1A484 /* Workout.m in Sources */ = {isa = PBXBuildFile; fileRef = 49A6323D1A53340100A1A484 /* Workout.m */; };
		49A88DB819BCC5B2008AE306 /* Foundation.framework in Frameworks */ = {isa = PBXBuildFile; fileRef = 49A88DB719BCC5B2008AE306 /* Foundation.framework */; };
		49A88DBA19BCC5B2008AE306 /* CoreGraphics.framework in Frameworks */ = {isa = PBXBuildFile; fileRef = 49A88DB919BCC5B2008AE306 /* CoreGraphics.framework */; };
		49A88DC219BCC5B3008AE306 /* InfoPlist.strings in Resources */ = {isa = PBXBuildFile; fileRef = 49A88DC019BCC5B3008AE306 /* InfoPlist.strings */; };
		49A88DC419BCC5B3008AE306 /* main.m in Sources */ = {isa = PBXBuildFile; fileRef = 49A88DC319BCC5B3008AE306 /* main.m */; };
		49A88DC819BCC5B3008AE306 /* AppDelegate.m in Sources */ = {isa = PBXBuildFile; fileRef = 49A88DC719BCC5B3008AE306 /* AppDelegate.m */; };
		49A88DCB19BCC5B3008AE306 /* Main.storyboard in Resources */ = {isa = PBXBuildFile; fileRef = 49A88DC919BCC5B3008AE306 /* Main.storyboard */; };
		49A88DD319BCC5B3008AE306 /* Images.xcassets in Resources */ = {isa = PBXBuildFile; fileRef = 49A88DD219BCC5B3008AE306 /* Images.xcassets */; };
		49A88DDA19BCC5B3008AE306 /* XCTest.framework in Frameworks */ = {isa = PBXBuildFile; fileRef = 49A88DD919BCC5B3008AE306 /* XCTest.framework */; };
		49A88DDB19BCC5B3008AE306 /* Foundation.framework in Frameworks */ = {isa = PBXBuildFile; fileRef = 49A88DB719BCC5B2008AE306 /* Foundation.framework */; };
		49A88DE419BCC5B3008AE306 /* InfoPlist.strings in Resources */ = {isa = PBXBuildFile; fileRef = 49A88DE219BCC5B3008AE306 /* InfoPlist.strings */; };
		49A88DE619BCC5B3008AE306 /* GrowStrongerNewTests.m in Sources */ = {isa = PBXBuildFile; fileRef = 49A88DE519BCC5B3008AE306 /* GrowStrongerNewTests.m */; };
		49C0E7F61A6D8B620072FC0C /* Stopwatch.m in Sources */ = {isa = PBXBuildFile; fileRef = 49C0E7F51A6D8B620072FC0C /* Stopwatch.m */; };
		49C0E7FA1A71EA2F0072FC0C /* MKInfoPanel.m in Sources */ = {isa = PBXBuildFile; fileRef = 49C0E7F81A71EA2F0072FC0C /* MKInfoPanel.m */; };
		49C0E7FB1A71EA2F0072FC0C /* MKInfoPanel.xib in Resources */ = {isa = PBXBuildFile; fileRef = 49C0E7F91A71EA2F0072FC0C /* MKInfoPanel.xib */; };
		49C0E7FF1A71EF4D0072FC0C /* SaveWorkoutViewController.m in Sources */ = {isa = PBXBuildFile; fileRef = 49C0E7FE1A71EF4D0072FC0C /* SaveWorkoutViewController.m */; };
		49C0E8011A71F8530072FC0C /* Features in Resources */ = {isa = PBXBuildFile; fileRef = 49C0E8001A71F8530072FC0C /* Features */; };
		49C0F62A1A57954700A79121 /* Set.m in Sources */ = {isa = PBXBuildFile; fileRef = 49C0F6291A57954700A79121 /* Set.m */; };
		49C0F62D1A5795BE00A79121 /* CompletedExercise.m in Sources */ = {isa = PBXBuildFile; fileRef = 49C0F62C1A5795BE00A79121 /* CompletedExercise.m */; };
/* End PBXBuildFile section */

/* Begin PBXContainerItemProxy section */
		49A88DDD19BCC5B3008AE306 /* PBXContainerItemProxy */ = {
			isa = PBXContainerItemProxy;
			containerPortal = 49A88DAC19BCC5B2008AE306 /* Project object */;
			proxyType = 1;
			remoteGlobalIDString = 49A88DB319BCC5B2008AE306;
			remoteInfo = GrowStrongerNew;
		};
/* End PBXContainerItemProxy section */

/* Begin PBXFileReference section */
		4907182619BCC7740075936F /* AudioToolbox.framework */ = {isa = PBXFileReference; lastKnownFileType = wrapper.framework; name = AudioToolbox.framework; path = System/Library/Frameworks/AudioToolbox.framework; sourceTree = SDKROOT; };
		4907182819BCC77E0075936F /* CFNetwork.framework */ = {isa = PBXFileReference; lastKnownFileType = wrapper.framework; name = CFNetwork.framework; path = System/Library/Frameworks/CFNetwork.framework; sourceTree = SDKROOT; };
		4907182A19BCC7890075936F /* CoreLocation.framework */ = {isa = PBXFileReference; lastKnownFileType = wrapper.framework; name = CoreLocation.framework; path = System/Library/Frameworks/CoreLocation.framework; sourceTree = SDKROOT; };
		4907182C19BCC7910075936F /* libz.dylib */ = {isa = PBXFileReference; lastKnownFileType = "compiled.mach-o.dylib"; name = libz.dylib; path = usr/lib/libz.dylib; sourceTree = SDKROOT; };
		4907182E19BCC79A0075936F /* MobileCoreServices.framework */ = {isa = PBXFileReference; lastKnownFileType = wrapper.framework; name = MobileCoreServices.framework; path = System/Library/Frameworks/MobileCoreServices.framework; sourceTree = SDKROOT; };
		4907183019BCC7A10075936F /* QuartzCore.framework */ = {isa = PBXFileReference; lastKnownFileType = wrapper.framework; name = QuartzCore.framework; path = System/Library/Frameworks/QuartzCore.framework; sourceTree = SDKROOT; };
		4907183219BCC7A60075936F /* Security.framework */ = {isa = PBXFileReference; lastKnownFileType = wrapper.framework; name = Security.framework; path = System/Library/Frameworks/Security.framework; sourceTree = SDKROOT; };
		4907183419BCC7AE0075936F /* StoreKit.framework */ = {isa = PBXFileReference; lastKnownFileType = wrapper.framework; name = StoreKit.framework; path = System/Library/Frameworks/StoreKit.framework; sourceTree = SDKROOT; };
		4907183619BCC7B50075936F /* SystemConfiguration.framework */ = {isa = PBXFileReference; lastKnownFileType = wrapper.framework; name = SystemConfiguration.framework; path = System/Library/Frameworks/SystemConfiguration.framework; sourceTree = SDKROOT; };
		4907183819BCCBAC0075936F /* TabBarViewController.m */ = {isa = PBXFileReference; fileEncoding = 4; lastKnownFileType = sourcecode.c.objc; path = TabBarViewController.m; sourceTree = "<group>"; };
		4907183A19BCCC910075936F /* TabBarViewController.h */ = {isa = PBXFileReference; lastKnownFileType = sourcecode.c.h; path = TabBarViewController.h; sourceTree = "<group>"; };
		4907183B19BCCE660075936F /* Social.framework */ = {isa = PBXFileReference; lastKnownFileType = wrapper.framework; name = Social.framework; path = System/Library/Frameworks/Social.framework; sourceTree = SDKROOT; };
		491634591A984F630087E688 /* GlobalHeader.h */ = {isa = PBXFileReference; lastKnownFileType = sourcecode.c.h; path = GlobalHeader.h; sourceTree = "<group>"; };
		4916345A1A99037E0087E688 /* Constants.h */ = {isa = PBXFileReference; lastKnownFileType = sourcecode.c.h; path = Constants.h; sourceTree = "<group>"; };
		4916345B1A994E5F0087E688 /* RedRectangle.png */ = {isa = PBXFileReference; lastKnownFileType = image.png; path = RedRectangle.png; sourceTree = "<group>"; };
		4916345C1A994E5F0087E688 /* RedRectangle@2x.png */ = {isa = PBXFileReference; lastKnownFileType = image.png; path = "RedRectangle@2x.png"; sourceTree = "<group>"; };
		4916345F1A9951960087E688 /* StartIcon.png */ = {isa = PBXFileReference; lastKnownFileType = image.png; path = StartIcon.png; sourceTree = "<group>"; };
		491634601A9951960087E688 /* StartIcon@2x.png */ = {isa = PBXFileReference; lastKnownFileType = image.png; path = "StartIcon@2x.png"; sourceTree = "<group>"; };
		491634671A9952930087E688 /* YellowRectangleForButton.png */ = {isa = PBXFileReference; lastKnownFileType = image.png; path = YellowRectangleForButton.png; sourceTree = "<group>"; };
		491634681A9952930087E688 /* YellowRectangleForButton@2x.png */ = {isa = PBXFileReference; lastKnownFileType = image.png; path = "YellowRectangleForButton@2x.png"; sourceTree = "<group>"; };
		4922BAA11A5263E300EE8568 /* File */ = {isa = PBXFileReference; fileEncoding = 4; lastKnownFileType = text; path = File; sourceTree = "<group>"; };
		492DF8701A526170006C6EC5 /* ExerciseListViewController.h */ = {isa = PBXFileReference; fileEncoding = 4; lastKnownFileType = sourcecode.c.h; path = ExerciseListViewController.h; sourceTree = "<group>"; };
		492DF8711A526170006C6EC5 /* ExerciseListViewController.m */ = {isa = PBXFileReference; fileEncoding = 4; lastKnownFileType = sourcecode.c.objc; path = ExerciseListViewController.m; sourceTree = "<group>"; };
		4931CD8D1A526CF4000DCDE0 /* AddExerciseViewController.h */ = {isa = PBXFileReference; fileEncoding = 4; lastKnownFileType = sourcecode.c.h; path = AddExerciseViewController.h; sourceTree = "<group>"; };
		4931CD8E1A526CF4000DCDE0 /* AddExerciseViewController.m */ = {isa = PBXFileReference; fileEncoding = 4; lastKnownFileType = sourcecode.c.objc; path = AddExerciseViewController.m; sourceTree = "<group>"; };
		4931CD941A527E02000DCDE0 /* libsqlite3.dylib */ = {isa = PBXFileReference; lastKnownFileType = "compiled.mach-o.dylib"; name = libsqlite3.dylib; path = usr/lib/libsqlite3.dylib; sourceTree = SDKROOT; };
		4931CDA01A5281C5000DCDE0 /* FacebookSDK.framework */ = {isa = PBXFileReference; lastKnownFileType = wrapper.framework; name = FacebookSDK.framework; path = ../../../Documents/FacebookSDK/FacebookSDK.framework; sourceTree = "<group>"; };
		493ABEC61A847C2400F5583B /* Growth */ = {isa = PBXFileReference; fileEncoding = 4; lastKnownFileType = text; path = Growth; sourceTree = "<group>"; };
		495A0D971A9A9CA6002355B5 /* VerticalGreyLine.png */ = {isa = PBXFileReference; lastKnownFileType = image.png; path = VerticalGreyLine.png; sourceTree = "<group>"; };
		495A0D981A9A9CA6002355B5 /* VerticalGreyLine@2x.png */ = {isa = PBXFileReference; lastKnownFileType = image.png; path = "VerticalGreyLine@2x.png"; sourceTree = "<group>"; };
		495A0D9B1A9AAD8A002355B5 /* WorkoutSummaryTableViewCell.h */ = {isa = PBXFileReference; fileEncoding = 4; lastKnownFileType = sourcecode.c.h; path = WorkoutSummaryTableViewCell.h; sourceTree = "<group>"; };
		495A0D9C1A9AAD8A002355B5 /* WorkoutSummaryTableViewCell.m */ = {isa = PBXFileReference; fileEncoding = 4; lastKnownFileType = sourcecode.c.objc; path = WorkoutSummaryTableViewCell.m; sourceTree = "<group>"; };
		4969A9871A5D0D2300723C22 /* CompletedExerciseTableViewCell.h */ = {isa = PBXFileReference; fileEncoding = 4; lastKnownFileType = sourcecode.c.h; path = CompletedExerciseTableViewCell.h; sourceTree = "<group>"; };
		4969A9881A5D0D2300723C22 /* CompletedExerciseTableViewCell.m */ = {isa = PBXFileReference; fileEncoding = 4; lastKnownFileType = sourcecode.c.objc; path = CompletedExerciseTableViewCell.m; sourceTree = "<group>"; };
		4969A98A1A5E567600723C22 /* AddSetViewController.h */ = {isa = PBXFileReference; fileEncoding = 4; lastKnownFileType = sourcecode.c.h; path = AddSetViewController.h; sourceTree = "<group>"; };
		4969A98B1A5E567600723C22 /* AddSetViewController.m */ = {isa = PBXFileReference; fileEncoding = 4; lastKnownFileType = sourcecode.c.objc; path = AddSetViewController.m; sourceTree = "<group>"; };
		4969A98E1A5E619B00723C22 /* SelectExerciseViewController.h */ = {isa = PBXFileReference; fileEncoding = 4; lastKnownFileType = sourcecode.c.h; path = SelectExerciseViewController.h; sourceTree = "<group>"; };
		4969A98F1A5E619B00723C22 /* SelectExerciseViewController.m */ = {isa = PBXFileReference; fileEncoding = 4; lastKnownFileType = sourcecode.c.objc; path = SelectExerciseViewController.m; sourceTree = "<group>"; };
		49743EF81A5BB66F00BE6C48 /* AddExerciseTableViewCell.h */ = {isa = PBXFileReference; fileEncoding = 4; lastKnownFileType = sourcecode.c.h; path = AddExerciseTableViewCell.h; sourceTree = "<group>"; };
		49743EF91A5BB66F00BE6C48 /* AddExerciseTableViewCell.m */ = {isa = PBXFileReference; fileEncoding = 4; lastKnownFileType = sourcecode.c.objc; path = AddExerciseTableViewCell.m; sourceTree = "<group>"; };
		497F38EC1A8B14790064C0E7 /* WorkoutDetailsTableViewController.h */ = {isa = PBXFileReference; fileEncoding = 4; lastKnownFileType = sourcecode.c.h; path = WorkoutDetailsTableViewController.h; sourceTree = "<group>"; };
		497F38ED1A8B14790064C0E7 /* WorkoutDetailsTableViewController.m */ = {isa = PBXFileReference; fileEncoding = 4; lastKnownFileType = sourcecode.c.objc; path = WorkoutDetailsTableViewController.m; sourceTree = "<group>"; };
		497F38EF1A8B277B0064C0E7 /* WorkoutDetailHeaderTableViewCell.h */ = {isa = PBXFileReference; fileEncoding = 4; lastKnownFileType = sourcecode.c.h; path = WorkoutDetailHeaderTableViewCell.h; sourceTree = "<group>"; };
		497F38F01A8B277B0064C0E7 /* WorkoutDetailHeaderTableViewCell.m */ = {isa = PBXFileReference; fileEncoding = 4; lastKnownFileType = sourcecode.c.objc; path = WorkoutDetailHeaderTableViewCell.m; sourceTree = "<group>"; };
		497F38F21A8B31DC0064C0E7 /* WorkoutDetailCETableViewCell.h */ = {isa = PBXFileReference; fileEncoding = 4; lastKnownFileType = sourcecode.c.h; path = WorkoutDetailCETableViewCell.h; sourceTree = "<group>"; };
		497F38F31A8B31DC0064C0E7 /* WorkoutDetailCETableViewCell.m */ = {isa = PBXFileReference; fileEncoding = 4; lastKnownFileType = sourcecode.c.objc; path = WorkoutDetailCETableViewCell.m; sourceTree = "<group>"; };
		49A0D1761A62532000D92402 /* PushNoAnimationSegue.h */ = {isa = PBXFileReference; fileEncoding = 4; lastKnownFileType = sourcecode.c.h; path = PushNoAnimationSegue.h; sourceTree = "<group>"; };
		49A0D1771A62532000D92402 /* PushNoAnimationSegue.m */ = {isa = PBXFileReference; fileEncoding = 4; lastKnownFileType = sourcecode.c.objc; path = PushNoAnimationSegue.m; sourceTree = "<group>"; };
		49A0D1791A62E28700D92402 /* TestViewController.h */ = {isa = PBXFileReference; fileEncoding = 4; lastKnownFileType = sourcecode.c.h; path = TestViewController.h; sourceTree = "<group>"; };
		49A0D17A1A62E28700D92402 /* TestViewController.m */ = {isa = PBXFileReference; fileEncoding = 4; lastKnownFileType = sourcecode.c.objc; path = TestViewController.m; sourceTree = "<group>"; };
		49A0D17E1A63214A00D92402 /* HorizontalPickerView-Prefix.pch */ = {isa = PBXFileReference; fileEncoding = 4; lastKnownFileType = sourcecode.c.h; path = "HorizontalPickerView-Prefix.pch"; sourceTree = "<group>"; };
		49A0D17F1A63214A00D92402 /* HorizontalPickerView.h */ = {isa = PBXFileReference; fileEncoding = 4; lastKnownFileType = sourcecode.c.h; path = HorizontalPickerView.h; sourceTree = "<group>"; };
		49A0D1801A63214A00D92402 /* HorizontalPickerView.m */ = {isa = PBXFileReference; fileEncoding = 4; lastKnownFileType = sourcecode.c.objc; path = HorizontalPickerView.m; sourceTree = "<group>"; };
		49A0D1811A63214A00D92402 /* HPCollectionVC.h */ = {isa = PBXFileReference; fileEncoding = 4; lastKnownFileType = sourcecode.c.h; path = HPCollectionVC.h; sourceTree = "<group>"; };
		49A0D1821A63214A00D92402 /* HPCollectionVC.m */ = {isa = PBXFileReference; fileEncoding = 4; lastKnownFileType = sourcecode.c.objc; path = HPCollectionVC.m; sourceTree = "<group>"; };
		49A0D1831A63214A00D92402 /* HPCollectionViewCell.h */ = {isa = PBXFileReference; fileEncoding = 4; lastKnownFileType = sourcecode.c.h; path = HPCollectionViewCell.h; sourceTree = "<group>"; };
		49A0D1841A63214A00D92402 /* HPCollectionViewCell.m */ = {isa = PBXFileReference; fileEncoding = 4; lastKnownFileType = sourcecode.c.objc; path = HPCollectionViewCell.m; sourceTree = "<group>"; };
		49A0D1851A63214A00D92402 /* HPCollectionViewFlowLayout.h */ = {isa = PBXFileReference; fileEncoding = 4; lastKnownFileType = sourcecode.c.h; path = HPCollectionViewFlowLayout.h; sourceTree = "<group>"; };
		49A0D1861A63214A00D92402 /* HPCollectionViewFlowLayout.m */ = {isa = PBXFileReference; fileEncoding = 4; lastKnownFileType = sourcecode.c.objc; path = HPCollectionViewFlowLayout.m; sourceTree = "<group>"; };
		49A0D1871A63214A00D92402 /* HPickerDefinitions.h */ = {isa = PBXFileReference; fileEncoding = 4; lastKnownFileType = sourcecode.c.h; path = HPickerDefinitions.h; sourceTree = "<group>"; };
		49A6321D1A5298FE00A1A484 /* UIKit.framework */ = {isa = PBXFileReference; lastKnownFileType = wrapper.framework; name = UIKit.framework; path = System/Library/Frameworks/UIKit.framework; sourceTree = SDKROOT; };
		49A6321F1A52999800A1A484 /* Bolts.framework */ = {isa = PBXFileReference; lastKnownFileType = wrapper.framework; path = Bolts.framework; sourceTree = "<group>"; };
		49A632201A52999800A1A484 /* Parse.framework */ = {isa = PBXFileReference; lastKnownFileType = wrapper.framework; path = Parse.framework; sourceTree = "<group>"; };
		49A632211A52999800A1A484 /* ParseCrashReporting.framework */ = {isa = PBXFileReference; lastKnownFileType = wrapper.framework; path = ParseCrashReporting.framework; sourceTree = "<group>"; };
		49A632221A52999800A1A484 /* ParseFacebookUtils.framework */ = {isa = PBXFileReference; lastKnownFileType = wrapper.framework; path = ParseFacebookUtils.framework; sourceTree = "<group>"; };
		49A632231A52999800A1A484 /* ParseUI.framework */ = {isa = PBXFileReference; lastKnownFileType = wrapper.framework; path = ParseUI.framework; sourceTree = "<group>"; };
		49A632291A52A27A00A1A484 /* Exercise.h */ = {isa = PBXFileReference; fileEncoding = 4; lastKnownFileType = sourcecode.c.h; path = Exercise.h; sourceTree = "<group>"; };
		49A6322A1A52A27A00A1A484 /* Exercise.m */ = {isa = PBXFileReference; fileEncoding = 4; lastKnownFileType = sourcecode.c.objc; path = Exercise.m; sourceTree = "<group>"; };
		49A6322C1A532DD600A1A484 /* man-muscle-body-dumbbell-Fitness.jpg */ = {isa = PBXFileReference; lastKnownFileType = image.jpeg; path = "man-muscle-body-dumbbell-Fitness.jpg"; sourceTree = "<group>"; };
		49A6322E1A532F1400A1A484 /* RecordNewWorkoutViewController.h */ = {isa = PBXFileReference; fileEncoding = 4; lastKnownFileType = sourcecode.c.h; path = RecordNewWorkoutViewController.h; sourceTree = "<group>"; };
		49A6322F1A532F1400A1A484 /* RecordNewWorkoutViewController.m */ = {isa = PBXFileReference; fileEncoding = 4; lastKnownFileType = sourcecode.c.objc; path = RecordNewWorkoutViewController.m; sourceTree = "<group>"; };
		49A632311A532F4500A1A484 /* ActiveWorkoutTableViewController.h */ = {isa = PBXFileReference; fileEncoding = 4; lastKnownFileType = sourcecode.c.h; path = ActiveWorkoutTableViewController.h; sourceTree = "<group>"; };
		49A632321A532F4500A1A484 /* ActiveWorkoutTableViewController.m */ = {isa = PBXFileReference; fileEncoding = 4; lastKnownFileType = sourcecode.c.objc; path = ActiveWorkoutTableViewController.m; sourceTree = "<group>"; };
		49A632391A5331C300A1A484 /* FeedPFQViewController.h */ = {isa = PBXFileReference; fileEncoding = 4; lastKnownFileType = sourcecode.c.h; path = FeedPFQViewController.h; sourceTree = "<group>"; };
		49A6323A1A5331C300A1A484 /* FeedPFQViewController.m */ = {isa = PBXFileReference; fileEncoding = 4; lastKnownFileType = sourcecode.c.objc; path = FeedPFQViewController.m; sourceTree = "<group>"; };
		49A6323C1A53340100A1A484 /* Workout.h */ = {isa = PBXFileReference; fileEncoding = 4; lastKnownFileType = sourcecode.c.h; path = Workout.h; sourceTree = "<group>"; };
		49A6323D1A53340100A1A484 /* Workout.m */ = {isa = PBXFileReference; fileEncoding = 4; lastKnownFileType = sourcecode.c.objc; path = Workout.m; sourceTree = "<group>"; };
		49A88DB419BCC5B2008AE306 /* GrowStrongerNew.app */ = {isa = PBXFileReference; explicitFileType = wrapper.application; includeInIndex = 0; path = GrowStrongerNew.app; sourceTree = BUILT_PRODUCTS_DIR; };
		49A88DB719BCC5B2008AE306 /* Foundation.framework */ = {isa = PBXFileReference; lastKnownFileType = wrapper.framework; name = Foundation.framework; path = System/Library/Frameworks/Foundation.framework; sourceTree = SDKROOT; };
		49A88DB919BCC5B2008AE306 /* CoreGraphics.framework */ = {isa = PBXFileReference; lastKnownFileType = wrapper.framework; name = CoreGraphics.framework; path = System/Library/Frameworks/CoreGraphics.framework; sourceTree = SDKROOT; };
		49A88DBF19BCC5B3008AE306 /* GrowStrongerNew-Info.plist */ = {isa = PBXFileReference; lastKnownFileType = text.plist.xml; path = "GrowStrongerNew-Info.plist"; sourceTree = "<group>"; };
		49A88DC119BCC5B3008AE306 /* en */ = {isa = PBXFileReference; lastKnownFileType = text.plist.strings; name = en; path = en.lproj/InfoPlist.strings; sourceTree = "<group>"; };
		49A88DC319BCC5B3008AE306 /* main.m */ = {isa = PBXFileReference; lastKnownFileType = sourcecode.c.objc; path = main.m; sourceTree = "<group>"; };
		49A88DC519BCC5B3008AE306 /* GrowStrongerNew-Prefix.pch */ = {isa = PBXFileReference; lastKnownFileType = sourcecode.c.h; path = "GrowStrongerNew-Prefix.pch"; sourceTree = "<group>"; };
		49A88DC619BCC5B3008AE306 /* AppDelegate.h */ = {isa = PBXFileReference; lastKnownFileType = sourcecode.c.h; path = AppDelegate.h; sourceTree = "<group>"; };
		49A88DC719BCC5B3008AE306 /* AppDelegate.m */ = {isa = PBXFileReference; lastKnownFileType = sourcecode.c.objc; path = AppDelegate.m; sourceTree = "<group>"; };
		49A88DCA19BCC5B3008AE306 /* Base */ = {isa = PBXFileReference; lastKnownFileType = file.storyboard; name = Base; path = Base.lproj/Main.storyboard; sourceTree = "<group>"; };
		49A88DD219BCC5B3008AE306 /* Images.xcassets */ = {isa = PBXFileReference; lastKnownFileType = folder.assetcatalog; path = Images.xcassets; sourceTree = "<group>"; };
		49A88DD819BCC5B3008AE306 /* GrowStrongerNewTests.xctest */ = {isa = PBXFileReference; explicitFileType = wrapper.cfbundle; includeInIndex = 0; path = GrowStrongerNewTests.xctest; sourceTree = BUILT_PRODUCTS_DIR; };
		49A88DD919BCC5B3008AE306 /* XCTest.framework */ = {isa = PBXFileReference; lastKnownFileType = wrapper.framework; name = XCTest.framework; path = Library/Frameworks/XCTest.framework; sourceTree = DEVELOPER_DIR; };
		49A88DE119BCC5B3008AE306 /* GrowStrongerNewTests-Info.plist */ = {isa = PBXFileReference; lastKnownFileType = text.plist.xml; path = "GrowStrongerNewTests-Info.plist"; sourceTree = "<group>"; };
		49A88DE319BCC5B3008AE306 /* en */ = {isa = PBXFileReference; lastKnownFileType = text.plist.strings; name = en; path = en.lproj/InfoPlist.strings; sourceTree = "<group>"; };
		49A88DE519BCC5B3008AE306 /* GrowStrongerNewTests.m */ = {isa = PBXFileReference; lastKnownFileType = sourcecode.c.objc; path = GrowStrongerNewTests.m; sourceTree = "<group>"; };
		49C0E7F41A6D8B620072FC0C /* Stopwatch.h */ = {isa = PBXFileReference; fileEncoding = 4; lastKnownFileType = sourcecode.c.h; path = Stopwatch.h; sourceTree = "<group>"; };
		49C0E7F51A6D8B620072FC0C /* Stopwatch.m */ = {isa = PBXFileReference; fileEncoding = 4; lastKnownFileType = sourcecode.c.objc; path = Stopwatch.m; sourceTree = "<group>"; };
		49C0E7F71A71EA2F0072FC0C /* MKInfoPanel.h */ = {isa = PBXFileReference; fileEncoding = 4; lastKnownFileType = sourcecode.c.h; path = MKInfoPanel.h; sourceTree = "<group>"; };
		49C0E7F81A71EA2F0072FC0C /* MKInfoPanel.m */ = {isa = PBXFileReference; fileEncoding = 4; lastKnownFileType = sourcecode.c.objc; path = MKInfoPanel.m; sourceTree = "<group>"; };
		49C0E7F91A71EA2F0072FC0C /* MKInfoPanel.xib */ = {isa = PBXFileReference; fileEncoding = 4; lastKnownFileType = file.xib; path = MKInfoPanel.xib; sourceTree = "<group>"; };
		49C0E7FD1A71EF4D0072FC0C /* SaveWorkoutViewController.h */ = {isa = PBXFileReference; fileEncoding = 4; lastKnownFileType = sourcecode.c.h; path = SaveWorkoutViewController.h; sourceTree = "<group>"; };
		49C0E7FE1A71EF4D0072FC0C /* SaveWorkoutViewController.m */ = {isa = PBXFileReference; fileEncoding = 4; lastKnownFileType = sourcecode.c.objc; path = SaveWorkoutViewController.m; sourceTree = "<group>"; };
		49C0E8001A71F8530072FC0C /* Features */ = {isa = PBXFileReference; fileEncoding = 4; lastKnownFileType = text; path = Features; sourceTree = "<group>"; };
		49C0F6281A57954700A79121 /* Set.h */ = {isa = PBXFileReference; fileEncoding = 4; lastKnownFileType = sourcecode.c.h; path = Set.h; sourceTree = "<group>"; };
		49C0F6291A57954700A79121 /* Set.m */ = {isa = PBXFileReference; fileEncoding = 4; lastKnownFileType = sourcecode.c.objc; path = Set.m; sourceTree = "<group>"; };
		49C0F62B1A5795BE00A79121 /* CompletedExercise.h */ = {isa = PBXFileReference; fileEncoding = 4; lastKnownFileType = sourcecode.c.h; path = CompletedExercise.h; sourceTree = "<group>"; };
		49C0F62C1A5795BE00A79121 /* CompletedExercise.m */ = {isa = PBXFileReference; fileEncoding = 4; lastKnownFileType = sourcecode.c.objc; path = CompletedExercise.m; sourceTree = "<group>"; };
/* End PBXFileReference section */

/* Begin PBXFrameworksBuildPhase section */
		49A88DB119BCC5B2008AE306 /* Frameworks */ = {
			isa = PBXFrameworksBuildPhase;
			buildActionMask = 2147483647;
			files = (
				49A6321E1A5298FE00A1A484 /* UIKit.framework in Frameworks */,
				49A632261A52999800A1A484 /* ParseCrashReporting.framework in Frameworks */,
				49A632281A52999800A1A484 /* ParseUI.framework in Frameworks */,
				4907183C19BCCE660075936F /* Social.framework in Frameworks */,
				4907182719BCC7740075936F /* AudioToolbox.framework in Frameworks */,
				4907182919BCC77E0075936F /* CFNetwork.framework in Frameworks */,
				49A632271A52999800A1A484 /* ParseFacebookUtils.framework in Frameworks */,
				49A88DBA19BCC5B2008AE306 /* CoreGraphics.framework in Frameworks */,
				4907182B19BCC7890075936F /* CoreLocation.framework in Frameworks */,
				49A632251A52999800A1A484 /* Parse.framework in Frameworks */,
				4907182F19BCC79A0075936F /* MobileCoreServices.framework in Frameworks */,
				4907183119BCC7A10075936F /* QuartzCore.framework in Frameworks */,
				4907183319BCC7A60075936F /* Security.framework in Frameworks */,
				4907183519BCC7AE0075936F /* StoreKit.framework in Frameworks */,
				4907183719BCC7B50075936F /* SystemConfiguration.framework in Frameworks */,
				4907182D19BCC7910075936F /* libz.dylib in Frameworks */,
				4931CD951A527E02000DCDE0 /* libsqlite3.dylib in Frameworks */,
				4931CDA11A5281C6000DCDE0 /* FacebookSDK.framework in Frameworks */,
				49A88DB819BCC5B2008AE306 /* Foundation.framework in Frameworks */,
				49A632241A52999800A1A484 /* Bolts.framework in Frameworks */,
			);
			runOnlyForDeploymentPostprocessing = 0;
		};
		49A88DD519BCC5B3008AE306 /* Frameworks */ = {
			isa = PBXFrameworksBuildPhase;
			buildActionMask = 2147483647;
			files = (
				49A88DDA19BCC5B3008AE306 /* XCTest.framework in Frameworks */,
				49A88DDB19BCC5B3008AE306 /* Foundation.framework in Frameworks */,
			);
			runOnlyForDeploymentPostprocessing = 0;
		};
/* End PBXFrameworksBuildPhase section */

/* Begin PBXGroup section */
		4969A98D1A5E568100723C22 /* Cells */ = {
			isa = PBXGroup;
			children = (
				49743EF81A5BB66F00BE6C48 /* AddExerciseTableViewCell.h */,
				49743EF91A5BB66F00BE6C48 /* AddExerciseTableViewCell.m */,
				4969A9871A5D0D2300723C22 /* CompletedExerciseTableViewCell.h */,
				4969A9881A5D0D2300723C22 /* CompletedExerciseTableViewCell.m */,
			);
			name = Cells;
			sourceTree = "<group>";
		};
		49A0D17D1A63214A00D92402 /* HorizontalPickerView */ = {
			isa = PBXGroup;
			children = (
				49A0D17E1A63214A00D92402 /* HorizontalPickerView-Prefix.pch */,
				49A0D17F1A63214A00D92402 /* HorizontalPickerView.h */,
				49A0D1801A63214A00D92402 /* HorizontalPickerView.m */,
				49A0D1811A63214A00D92402 /* HPCollectionVC.h */,
				49A0D1821A63214A00D92402 /* HPCollectionVC.m */,
				49A0D1831A63214A00D92402 /* HPCollectionViewCell.h */,
				49A0D1841A63214A00D92402 /* HPCollectionViewCell.m */,
				49A0D1851A63214A00D92402 /* HPCollectionViewFlowLayout.h */,
				49A0D1861A63214A00D92402 /* HPCollectionViewFlowLayout.m */,
				49A0D1871A63214A00D92402 /* HPickerDefinitions.h */,
			);
			path = HorizontalPickerView;
			sourceTree = "<group>";
		};
		49A632341A532F5200A1A484 /* Record Branch */ = {
			isa = PBXGroup;
			children = (
				49A6322E1A532F1400A1A484 /* RecordNewWorkoutViewController.h */,
				49A6322F1A532F1400A1A484 /* RecordNewWorkoutViewController.m */,
				49A632311A532F4500A1A484 /* ActiveWorkoutTableViewController.h */,
				49A632321A532F4500A1A484 /* ActiveWorkoutTableViewController.m */,
				4969A98E1A5E619B00723C22 /* SelectExerciseViewController.h */,
				4969A98F1A5E619B00723C22 /* SelectExerciseViewController.m */,
				4969A98A1A5E567600723C22 /* AddSetViewController.h */,
				4969A98B1A5E567600723C22 /* AddSetViewController.m */,
				49C0E7FD1A71EF4D0072FC0C /* SaveWorkoutViewController.h */,
				49C0E7FE1A71EF4D0072FC0C /* SaveWorkoutViewController.m */,
				49C0E7F41A6D8B620072FC0C /* Stopwatch.h */,
				49C0E7F51A6D8B620072FC0C /* Stopwatch.m */,
				4969A98D1A5E568100723C22 /* Cells */,
			);
			name = "Record Branch";
			sourceTree = "<group>";
		};
		49A632351A532F5B00A1A484 /* Object Subclassing */ = {
			isa = PBXGroup;
			children = (
				49A632291A52A27A00A1A484 /* Exercise.h */,
				49A6322A1A52A27A00A1A484 /* Exercise.m */,
				49A6323C1A53340100A1A484 /* Workout.h */,
				49A6323D1A53340100A1A484 /* Workout.m */,
				49C0F6281A57954700A79121 /* Set.h */,
				49C0F6291A57954700A79121 /* Set.m */,
				49C0F62B1A5795BE00A79121 /* CompletedExercise.h */,
				49C0F62C1A5795BE00A79121 /* CompletedExercise.m */,
			);
			name = "Object Subclassing";
			sourceTree = "<group>";
		};
		49A632361A532F6F00A1A484 /* Exercise Branch */ = {
			isa = PBXGroup;
			children = (
				492DF8701A526170006C6EC5 /* ExerciseListViewController.h */,
				492DF8711A526170006C6EC5 /* ExerciseListViewController.m */,
				4931CD8D1A526CF4000DCDE0 /* AddExerciseViewController.h */,
				4931CD8E1A526CF4000DCDE0 /* AddExerciseViewController.m */,
			);
			name = "Exercise Branch";
			sourceTree = "<group>";
		};
		49A632371A532F7C00A1A484 /* Base App */ = {
			isa = PBXGroup;
			children = (
				49A88DC619BCC5B3008AE306 /* AppDelegate.h */,
				49A88DC719BCC5B3008AE306 /* AppDelegate.m */,
				491634591A984F630087E688 /* GlobalHeader.h */,
				4907183A19BCCC910075936F /* TabBarViewController.h */,
				4907183819BCCBAC0075936F /* TabBarViewController.m */,
				49A0D1761A62532000D92402 /* PushNoAnimationSegue.h */,
				49A0D1771A62532000D92402 /* PushNoAnimationSegue.m */,
			);
			name = "Base App";
			sourceTree = "<group>";
		};
		49A632381A53319C00A1A484 /* Feed Branch */ = {
			isa = PBXGroup;
			children = (
				49A632391A5331C300A1A484 /* FeedPFQViewController.h */,
				49A6323A1A5331C300A1A484 /* FeedPFQViewController.m */,
				497F38EC1A8B14790064C0E7 /* WorkoutDetailsTableViewController.h */,
				497F38ED1A8B14790064C0E7 /* WorkoutDetailsTableViewController.m */,
				497F38EF1A8B277B0064C0E7 /* WorkoutDetailHeaderTableViewCell.h */,
				497F38F01A8B277B0064C0E7 /* WorkoutDetailHeaderTableViewCell.m */,
				497F38F21A8B31DC0064C0E7 /* WorkoutDetailCETableViewCell.h */,
				497F38F31A8B31DC0064C0E7 /* WorkoutDetailCETableViewCell.m */,
				495A0D9B1A9AAD8A002355B5 /* WorkoutSummaryTableViewCell.h */,
				495A0D9C1A9AAD8A002355B5 /* WorkoutSummaryTableViewCell.m */,
			);
			name = "Feed Branch";
			sourceTree = "<group>";
		};
		49A88DAB19BCC5B2008AE306 = {
			isa = PBXGroup;
			children = (
				4922BAA11A5263E300EE8568 /* File */,
				493ABEC61A847C2400F5583B /* Growth */,
				49C0E8001A71F8530072FC0C /* Features */,
				49A88DBD19BCC5B3008AE306 /* GrowStrongerNew */,
				49A88DDF19BCC5B3008AE306 /* GrowStrongerNewTests */,
				49A88DB619BCC5B2008AE306 /* Frameworks */,
				49A88DB519BCC5B2008AE306 /* Products */,
			);
			sourceTree = "<group>";
		};
		49A88DB519BCC5B2008AE306 /* Products */ = {
			isa = PBXGroup;
			children = (
				49A88DB419BCC5B2008AE306 /* GrowStrongerNew.app */,
				49A88DD819BCC5B3008AE306 /* GrowStrongerNewTests.xctest */,
			);
			name = Products;
			sourceTree = "<group>";
		};
		49A88DB619BCC5B2008AE306 /* Frameworks */ = {
			isa = PBXGroup;
			children = (
				49A6321F1A52999800A1A484 /* Bolts.framework */,
				49A632201A52999800A1A484 /* Parse.framework */,
				49A632211A52999800A1A484 /* ParseCrashReporting.framework */,
				49A632221A52999800A1A484 /* ParseFacebookUtils.framework */,
				49A632231A52999800A1A484 /* ParseUI.framework */,
				49A6321D1A5298FE00A1A484 /* UIKit.framework */,
				4931CDA01A5281C5000DCDE0 /* FacebookSDK.framework */,
				4931CD941A527E02000DCDE0 /* libsqlite3.dylib */,
				4907183B19BCCE660075936F /* Social.framework */,
				4907183619BCC7B50075936F /* SystemConfiguration.framework */,
				4907183419BCC7AE0075936F /* StoreKit.framework */,
				4907183219BCC7A60075936F /* Security.framework */,
				4907183019BCC7A10075936F /* QuartzCore.framework */,
				4907182E19BCC79A0075936F /* MobileCoreServices.framework */,
				4907182C19BCC7910075936F /* libz.dylib */,
				4907182A19BCC7890075936F /* CoreLocation.framework */,
				4907182819BCC77E0075936F /* CFNetwork.framework */,
				4907182619BCC7740075936F /* AudioToolbox.framework */,
				49A88DB719BCC5B2008AE306 /* Foundation.framework */,
				49A88DB919BCC5B2008AE306 /* CoreGraphics.framework */,
				49A88DD919BCC5B3008AE306 /* XCTest.framework */,
			);
			name = Frameworks;
			sourceTree = "<group>";
		};
		49A88DBD19BCC5B3008AE306 /* GrowStrongerNew */ = {
			isa = PBXGroup;
			children = (
				49A88DC919BCC5B3008AE306 /* Main.storyboard */,
				4916345A1A99037E0087E688 /* Constants.h */,
				49A0D1791A62E28700D92402 /* TestViewController.h */,
				49A0D17A1A62E28700D92402 /* TestViewController.m */,
				49A632381A53319C00A1A484 /* Feed Branch */,
				49A632341A532F5200A1A484 /* Record Branch */,
				49A632351A532F5B00A1A484 /* Object Subclassing */,
				49A632361A532F6F00A1A484 /* Exercise Branch */,
				49A632371A532F7C00A1A484 /* Base App */,
				49A88DD219BCC5B3008AE306 /* Images.xcassets */,
				49C0E7FC1A71EA380072FC0C /* MKInfoPanel */,
				49A0D17D1A63214A00D92402 /* HorizontalPickerView */,
				49A88DBE19BCC5B3008AE306 /* Supporting Files */,
			);
			path = GrowStrongerNew;
			sourceTree = "<group>";
		};
		49A88DBE19BCC5B3008AE306 /* Supporting Files */ = {
			isa = PBXGroup;
			children = (
				495A0D971A9A9CA6002355B5 /* VerticalGreyLine.png */,
				495A0D981A9A9CA6002355B5 /* VerticalGreyLine@2x.png */,
				491634671A9952930087E688 /* YellowRectangleForButton.png */,
				491634681A9952930087E688 /* YellowRectangleForButton@2x.png */,
				4916345F1A9951960087E688 /* StartIcon.png */,
				491634601A9951960087E688 /* StartIcon@2x.png */,
				4916345B1A994E5F0087E688 /* RedRectangle.png */,
				4916345C1A994E5F0087E688 /* RedRectangle@2x.png */,
				49A6322C1A532DD600A1A484 /* man-muscle-body-dumbbell-Fitness.jpg */,
				49A88DBF19BCC5B3008AE306 /* GrowStrongerNew-Info.plist */,
				49A88DC019BCC5B3008AE306 /* InfoPlist.strings */,
				49A88DC319BCC5B3008AE306 /* main.m */,
				49A88DC519BCC5B3008AE306 /* GrowStrongerNew-Prefix.pch */,
			);
			name = "Supporting Files";
			sourceTree = "<group>";
		};
		49A88DDF19BCC5B3008AE306 /* GrowStrongerNewTests */ = {
			isa = PBXGroup;
			children = (
				49A88DE519BCC5B3008AE306 /* GrowStrongerNewTests.m */,
				49A88DE019BCC5B3008AE306 /* Supporting Files */,
			);
			path = GrowStrongerNewTests;
			sourceTree = "<group>";
		};
		49A88DE019BCC5B3008AE306 /* Supporting Files */ = {
			isa = PBXGroup;
			children = (
				49A88DE119BCC5B3008AE306 /* GrowStrongerNewTests-Info.plist */,
				49A88DE219BCC5B3008AE306 /* InfoPlist.strings */,
			);
			name = "Supporting Files";
			sourceTree = "<group>";
		};
		49C0E7FC1A71EA380072FC0C /* MKInfoPanel */ = {
			isa = PBXGroup;
			children = (
				49C0E7F71A71EA2F0072FC0C /* MKInfoPanel.h */,
				49C0E7F81A71EA2F0072FC0C /* MKInfoPanel.m */,
				49C0E7F91A71EA2F0072FC0C /* MKInfoPanel.xib */,
			);
			name = MKInfoPanel;
			sourceTree = "<group>";
		};
/* End PBXGroup section */

/* Begin PBXNativeTarget section */
		49A88DB319BCC5B2008AE306 /* GrowStrongerNew */ = {
			isa = PBXNativeTarget;
			buildConfigurationList = 49A88DE919BCC5B3008AE306 /* Build configuration list for PBXNativeTarget "GrowStrongerNew" */;
			buildPhases = (
				49A88DB019BCC5B2008AE306 /* Sources */,
				49A88DB119BCC5B2008AE306 /* Frameworks */,
				49A88DB219BCC5B2008AE306 /* Resources */,
			);
			buildRules = (
			);
			dependencies = (
			);
			name = GrowStrongerNew;
			productName = GrowStrongerNew;
			productReference = 49A88DB419BCC5B2008AE306 /* GrowStrongerNew.app */;
			productType = "com.apple.product-type.application";
		};
		49A88DD719BCC5B3008AE306 /* GrowStrongerNewTests */ = {
			isa = PBXNativeTarget;
			buildConfigurationList = 49A88DEC19BCC5B3008AE306 /* Build configuration list for PBXNativeTarget "GrowStrongerNewTests" */;
			buildPhases = (
				49A88DD419BCC5B3008AE306 /* Sources */,
				49A88DD519BCC5B3008AE306 /* Frameworks */,
				49A88DD619BCC5B3008AE306 /* Resources */,
			);
			buildRules = (
			);
			dependencies = (
				49A88DDE19BCC5B3008AE306 /* PBXTargetDependency */,
			);
			name = GrowStrongerNewTests;
			productName = GrowStrongerNewTests;
			productReference = 49A88DD819BCC5B3008AE306 /* GrowStrongerNewTests.xctest */;
			productType = "com.apple.product-type.bundle.unit-test";
		};
/* End PBXNativeTarget section */

/* Begin PBXProject section */
		49A88DAC19BCC5B2008AE306 /* Project object */ = {
			isa = PBXProject;
			attributes = {
				CLASSPREFIX = Beef;
				LastUpgradeCheck = 0510;
				ORGANIZATIONNAME = "David Turnquist";
				TargetAttributes = {
					49A88DD719BCC5B3008AE306 = {
						TestTargetID = 49A88DB319BCC5B2008AE306;
					};
				};
			};
			buildConfigurationList = 49A88DAF19BCC5B2008AE306 /* Build configuration list for PBXProject "GrowStrongerNew" */;
			compatibilityVersion = "Xcode 3.2";
			developmentRegion = English;
			hasScannedForEncodings = 0;
			knownRegions = (
				en,
				Base,
			);
			mainGroup = 49A88DAB19BCC5B2008AE306;
			productRefGroup = 49A88DB519BCC5B2008AE306 /* Products */;
			projectDirPath = "";
			projectRoot = "";
			targets = (
				49A88DB319BCC5B2008AE306 /* GrowStrongerNew */,
				49A88DD719BCC5B3008AE306 /* GrowStrongerNewTests */,
			);
		};
/* End PBXProject section */

/* Begin PBXResourcesBuildPhase section */
		49A88DB219BCC5B2008AE306 /* Resources */ = {
			isa = PBXResourcesBuildPhase;
			buildActionMask = 2147483647;
			files = (
				4916345D1A994E600087E688 /* RedRectangle.png in Resources */,
				4922BAA21A5263E300EE8568 /* File in Resources */,
				491634691A9952930087E688 /* YellowRectangleForButton.png in Resources */,
				493ABEC71A847C2400F5583B /* Growth in Resources */,
				495A0D991A9A9CA6002355B5 /* VerticalGreyLine.png in Resources */,
				49A88DD319BCC5B3008AE306 /* Images.xcassets in Resources */,
				491634641A9951960087E688 /* StartIcon@2x.png in Resources */,
				4916346A1A9952930087E688 /* YellowRectangleForButton@2x.png in Resources */,
				491634631A9951960087E688 /* StartIcon.png in Resources */,
				4916345E1A994E600087E688 /* RedRectangle@2x.png in Resources */,
				49C0E7FB1A71EA2F0072FC0C /* MKInfoPanel.xib in Resources */,
				49A6322D1A532DD600A1A484 /* man-muscle-body-dumbbell-Fitness.jpg in Resources */,
				49A88DC219BCC5B3008AE306 /* InfoPlist.strings in Resources */,
				495A0D9A1A9A9CA6002355B5 /* VerticalGreyLine@2x.png in Resources */,
				49A88DCB19BCC5B3008AE306 /* Main.storyboard in Resources */,
				49C0E8011A71F8530072FC0C /* Features in Resources */,
			);
			runOnlyForDeploymentPostprocessing = 0;
		};
		49A88DD619BCC5B3008AE306 /* Resources */ = {
			isa = PBXResourcesBuildPhase;
			buildActionMask = 2147483647;
			files = (
				49A88DE419BCC5B3008AE306 /* InfoPlist.strings in Resources */,
			);
			runOnlyForDeploymentPostprocessing = 0;
		};
/* End PBXResourcesBuildPhase section */

/* Begin PBXSourcesBuildPhase section */
		49A88DB019BCC5B2008AE306 /* Sources */ = {
			isa = PBXSourcesBuildPhase;
			buildActionMask = 2147483647;
			files = (
				49A88DC819BCC5B3008AE306 /* AppDelegate.m in Sources */,
				49A632331A532F4500A1A484 /* ActiveWorkoutTableViewController.m in Sources */,
				4907183919BCCBAC0075936F /* TabBarViewController.m in Sources */,
				49743EFA1A5BB66F00BE6C48 /* AddExerciseTableViewCell.m in Sources */,
				49A632301A532F1400A1A484 /* RecordNewWorkoutViewController.m in Sources */,
				49A0D1881A63214A00D92402 /* HorizontalPickerView.m in Sources */,
				497F38F41A8B31DC0064C0E7 /* WorkoutDetailCETableViewCell.m in Sources */,
				4969A9891A5D0D2300723C22 /* CompletedExerciseTableViewCell.m in Sources */,
				49C0E7FF1A71EF4D0072FC0C /* SaveWorkoutViewController.m in Sources */,
				497F38EE1A8B14790064C0E7 /* WorkoutDetailsTableViewController.m in Sources */,
				495A0D9D1A9AAD8A002355B5 /* WorkoutSummaryTableViewCell.m in Sources */,
				49A0D17B1A62E28700D92402 /* TestViewController.m in Sources */,
				49A0D1891A63214A00D92402 /* HPCollectionVC.m in Sources */,
				49C0F62D1A5795BE00A79121 /* CompletedExercise.m in Sources */,
				497F38F11A8B277B0064C0E7 /* WorkoutDetailHeaderTableViewCell.m in Sources */,
				4931CD8F1A526CF4000DCDE0 /* AddExerciseViewController.m in Sources */,
				49A6323B1A5331C300A1A484 /* FeedPFQViewController.m in Sources */,
				49C0E7FA1A71EA2F0072FC0C /* MKInfoPanel.m in Sources */,
				4969A98C1A5E567600723C22 /* AddSetViewController.m in Sources */,
				49A0D1781A62532000D92402 /* PushNoAnimationSegue.m in Sources */,
				49C0E7F61A6D8B620072FC0C /* Stopwatch.m in Sources */,
				49A6322B1A52A27A00A1A484 /* Exercise.m in Sources */,
				49C0F62A1A57954700A79121 /* Set.m in Sources */,
				49A0D18B1A63214A00D92402 /* HPCollectionViewFlowLayout.m in Sources */,
				49A88DC419BCC5B3008AE306 /* main.m in Sources */,
				492DF8721A526170006C6EC5 /* ExerciseListViewController.m in Sources */,
				4969A9901A5E619B00723C22 /* SelectExerciseViewController.m in Sources */,
				49A0D18A1A63214A00D92402 /* HPCollectionViewCell.m in Sources */,
				49A6323E1A53340100A1A484 /* Workout.m in Sources */,
			);
			runOnlyForDeploymentPostprocessing = 0;
		};
		49A88DD419BCC5B3008AE306 /* Sources */ = {
			isa = PBXSourcesBuildPhase;
			buildActionMask = 2147483647;
			files = (
				49A88DE619BCC5B3008AE306 /* GrowStrongerNewTests.m in Sources */,
			);
			runOnlyForDeploymentPostprocessing = 0;
		};
/* End PBXSourcesBuildPhase section */

/* Begin PBXTargetDependency section */
		49A88DDE19BCC5B3008AE306 /* PBXTargetDependency */ = {
			isa = PBXTargetDependency;
			target = 49A88DB319BCC5B2008AE306 /* GrowStrongerNew */;
			targetProxy = 49A88DDD19BCC5B3008AE306 /* PBXContainerItemProxy */;
		};
/* End PBXTargetDependency section */

/* Begin PBXVariantGroup section */
		49A88DC019BCC5B3008AE306 /* InfoPlist.strings */ = {
			isa = PBXVariantGroup;
			children = (
				49A88DC119BCC5B3008AE306 /* en */,
			);
			name = InfoPlist.strings;
			sourceTree = "<group>";
		};
		49A88DC919BCC5B3008AE306 /* Main.storyboard */ = {
			isa = PBXVariantGroup;
			children = (
				49A88DCA19BCC5B3008AE306 /* Base */,
			);
			name = Main.storyboard;
			sourceTree = "<group>";
		};
		49A88DE219BCC5B3008AE306 /* InfoPlist.strings */ = {
			isa = PBXVariantGroup;
			children = (
				49A88DE319BCC5B3008AE306 /* en */,
			);
			name = InfoPlist.strings;
			sourceTree = "<group>";
		};
/* End PBXVariantGroup section */

/* Begin XCBuildConfiguration section */
		49A88DE719BCC5B3008AE306 /* Debug */ = {
			isa = XCBuildConfiguration;
			buildSettings = {
				ALWAYS_SEARCH_USER_PATHS = NO;
				CLANG_CXX_LANGUAGE_STANDARD = "gnu++0x";
				CLANG_CXX_LIBRARY = "libc++";
				CLANG_ENABLE_MODULES = YES;
				CLANG_ENABLE_OBJC_ARC = YES;
				CLANG_WARN_BOOL_CONVERSION = YES;
				CLANG_WARN_CONSTANT_CONVERSION = YES;
				CLANG_WARN_DIRECT_OBJC_ISA_USAGE = YES_ERROR;
				CLANG_WARN_EMPTY_BODY = YES;
				CLANG_WARN_ENUM_CONVERSION = YES;
				CLANG_WARN_INT_CONVERSION = YES;
				CLANG_WARN_OBJC_ROOT_CLASS = YES_ERROR;
				CLANG_WARN__DUPLICATE_METHOD_MATCH = YES;
				"CODE_SIGN_IDENTITY[sdk=iphoneos*]" = "iPhone Developer";
				COPY_PHASE_STRIP = NO;
				GCC_C_LANGUAGE_STANDARD = gnu99;
				GCC_DYNAMIC_NO_PIC = NO;
				GCC_OPTIMIZATION_LEVEL = 0;
				GCC_PREPROCESSOR_DEFINITIONS = (
					"DEBUG=1",
					"$(inherited)",
				);
				GCC_SYMBOLS_PRIVATE_EXTERN = NO;
				GCC_WARN_64_TO_32_BIT_CONVERSION = YES;
				GCC_WARN_ABOUT_RETURN_TYPE = YES_ERROR;
				GCC_WARN_UNDECLARED_SELECTOR = YES;
				GCC_WARN_UNINITIALIZED_AUTOS = YES_AGGRESSIVE;
				GCC_WARN_UNUSED_FUNCTION = YES;
				GCC_WARN_UNUSED_VARIABLE = YES;
				IPHONEOS_DEPLOYMENT_TARGET = 7.1;
				ONLY_ACTIVE_ARCH = YES;
				SDKROOT = iphoneos;
			};
			name = Debug;
		};
		49A88DE819BCC5B3008AE306 /* Release */ = {
			isa = XCBuildConfiguration;
			buildSettings = {
				ALWAYS_SEARCH_USER_PATHS = NO;
				CLANG_CXX_LANGUAGE_STANDARD = "gnu++0x";
				CLANG_CXX_LIBRARY = "libc++";
				CLANG_ENABLE_MODULES = YES;
				CLANG_ENABLE_OBJC_ARC = YES;
				CLANG_WARN_BOOL_CONVERSION = YES;
				CLANG_WARN_CONSTANT_CONVERSION = YES;
				CLANG_WARN_DIRECT_OBJC_ISA_USAGE = YES_ERROR;
				CLANG_WARN_EMPTY_BODY = YES;
				CLANG_WARN_ENUM_CONVERSION = YES;
				CLANG_WARN_INT_CONVERSION = YES;
				CLANG_WARN_OBJC_ROOT_CLASS = YES_ERROR;
				CLANG_WARN__DUPLICATE_METHOD_MATCH = YES;
				"CODE_SIGN_IDENTITY[sdk=iphoneos*]" = "iPhone Developer";
				COPY_PHASE_STRIP = YES;
				ENABLE_NS_ASSERTIONS = NO;
				GCC_C_LANGUAGE_STANDARD = gnu99;
				GCC_WARN_64_TO_32_BIT_CONVERSION = YES;
				GCC_WARN_ABOUT_RETURN_TYPE = YES_ERROR;
				GCC_WARN_UNDECLARED_SELECTOR = YES;
				GCC_WARN_UNINITIALIZED_AUTOS = YES_AGGRESSIVE;
				GCC_WARN_UNUSED_FUNCTION = YES;
				GCC_WARN_UNUSED_VARIABLE = YES;
				IPHONEOS_DEPLOYMENT_TARGET = 7.1;
				SDKROOT = iphoneos;
				VALIDATE_PRODUCT = YES;
			};
			name = Release;
		};
		49A88DEA19BCC5B3008AE306 /* Debug */ = {
			isa = XCBuildConfiguration;
			buildSettings = {
				ASSETCATALOG_COMPILER_APPICON_NAME = AppIcon;
				ASSETCATALOG_COMPILER_LAUNCHIMAGE_NAME = LaunchImage;
				FRAMEWORK_SEARCH_PATHS = (
					"$(inherited)",
					/Users/dturnq/Documents/FacebookSDK,
					"$(PROJECT_DIR)",
				);
				GCC_PRECOMPILE_PREFIX_HEADER = YES;
				GCC_PREFIX_HEADER = "GrowStrongerNew/GrowStrongerNew-Prefix.pch";
				INFOPLIST_FILE = "GrowStrongerNew/GrowStrongerNew-Info.plist";
				IPHONEOS_DEPLOYMENT_TARGET = 8.0;
				PRODUCT_NAME = "$(TARGET_NAME)";
				WRAPPER_EXTENSION = app;
			};
			name = Debug;
		};
		49A88DEB19BCC5B3008AE306 /* Release */ = {
			isa = XCBuildConfiguration;
			buildSettings = {
				ASSETCATALOG_COMPILER_APPICON_NAME = AppIcon;
				ASSETCATALOG_COMPILER_LAUNCHIMAGE_NAME = LaunchImage;
				FRAMEWORK_SEARCH_PATHS = (
					"$(inherited)",
					/Users/dturnq/Documents/FacebookSDK,
					"$(PROJECT_DIR)",
				);
				GCC_PRECOMPILE_PREFIX_HEADER = YES;
				GCC_PREFIX_HEADER = "GrowStrongerNew/GrowStrongerNew-Prefix.pch";
				INFOPLIST_FILE = "GrowStrongerNew/GrowStrongerNew-Info.plist";
				IPHONEOS_DEPLOYMENT_TARGET = 8.0;
				PRODUCT_NAME = "$(TARGET_NAME)";
				WRAPPER_EXTENSION = app;
			};
			name = Release;
		};
		49A88DED19BCC5B3008AE306 /* Debug */ = {
			isa = XCBuildConfiguration;
			buildSettings = {
				BUNDLE_LOADER = "$(BUILT_PRODUCTS_DIR)/GrowStrongerNew.app/GrowStrongerNew";
				FRAMEWORK_SEARCH_PATHS = (
					"$(SDKROOT)/Developer/Library/Frameworks",
					"$(inherited)",
					"$(DEVELOPER_FRAMEWORKS_DIR)",
				);
				GCC_PRECOMPILE_PREFIX_HEADER = YES;
				GCC_PREFIX_HEADER = "GrowStrongerNew/GrowStrongerNew-Prefix.pch";
				GCC_PREPROCESSOR_DEFINITIONS = (
					"DEBUG=1",
					"$(inherited)",
				);
				INFOPLIST_FILE = "GrowStrongerNewTests/GrowStrongerNewTests-Info.plist";
				PRODUCT_NAME = "$(TARGET_NAME)";
				TEST_HOST = "$(BUNDLE_LOADER)";
				WRAPPER_EXTENSION = xctest;
			};
			name = Debug;
		};
		49A88DEE19BCC5B3008AE306 /* Release */ = {
			isa = XCBuildConfiguration;
			buildSettings = {
				BUNDLE_LOADER = "$(BUILT_PRODUCTS_DIR)/GrowStrongerNew.app/GrowStrongerNew";
				FRAMEWORK_SEARCH_PATHS = (
					"$(SDKROOT)/Developer/Library/Frameworks",
					"$(inherited)",
					"$(DEVELOPER_FRAMEWORKS_DIR)",
				);
				GCC_PRECOMPILE_PREFIX_HEADER = YES;
				GCC_PREFIX_HEADER = "GrowStrongerNew/GrowStrongerNew-Prefix.pch";
				INFOPLIST_FILE = "GrowStrongerNewTests/GrowStrongerNewTests-Info.plist";
				PRODUCT_NAME = "$(TARGET_NAME)";
				TEST_HOST = "$(BUNDLE_LOADER)";
				WRAPPER_EXTENSION = xctest;
			};
			name = Release;
		};
/* End XCBuildConfiguration section */

/* Begin XCConfigurationList section */
		49A88DAF19BCC5B2008AE306 /* Build configuration list for PBXProject "GrowStrongerNew" */ = {
			isa = XCConfigurationList;
			buildConfigurations = (
				49A88DE719BCC5B3008AE306 /* Debug */,
				49A88DE819BCC5B3008AE306 /* Release */,
			);
			defaultConfigurationIsVisible = 0;
			defaultConfigurationName = Release;
		};
		49A88DE919BCC5B3008AE306 /* Build configuration list for PBXNativeTarget "GrowStrongerNew" */ = {
			isa = XCConfigurationList;
			buildConfigurations = (
				49A88DEA19BCC5B3008AE306 /* Debug */,
				49A88DEB19BCC5B3008AE306 /* Release */,
			);
			defaultConfigurationIsVisible = 0;
			defaultConfigurationName = Release;
		};
		49A88DEC19BCC5B3008AE306 /* Build configuration list for PBXNativeTarget "GrowStrongerNewTests" */ = {
			isa = XCConfigurationList;
			buildConfigurations = (
				49A88DED19BCC5B3008AE306 /* Debug */,
				49A88DEE19BCC5B3008AE306 /* Release */,
			);
			defaultConfigurationIsVisible = 0;
			defaultConfigurationName = Release;
		};
/* End XCConfigurationList section */
	};
	rootObject = 49A88DAC19BCC5B2008AE306 /* Project object */;
}
